
Microsoft Visual Studio Solution File, Format Version 12.00
# Visual Studio Version 17
VisualStudioVersion = 17.11.35312.102
MinimumVisualStudioVersion = 10.0.40219.1
Project("{9A19103F-16F7-4668-BE54-9A1E7A4F7556}") = "WpfApp1", "WpfApp1\WpfApp1.csproj", "{85747882-5B27-42D3-B03C-8178DBEA7790}"
EndProject
Project("{FAE04EC0-301F-11D3-BF4B-00C04F79EFBC}") = "WebApp1", "WebApp1\WebApp1.csproj", "{2CD49DF3-C85C-4EE7-ACC7-4322FD5F8EB8}"
EndProject
Project("{2150E333-8FDC-42A3-9474-1A3956D46DE8}") = "Resources", "Resources", "{852CEFBA-A99C-44CF-B752-AF2268A40022}"
	ProjectSection(SolutionItems) = preProject
		ERD.png = ERD.png
		Solution Architecture.png = Solution Architecture.png
	EndProjectSection
EndProject
Project("{FAE04EC0-301F-11D3-BF4B-00C04F79EFBC}") = "WebApi.UniTests", "WebApi.UniTests\WebApi.UniTests.csproj", "{40B11F97-01B7-4A5D-B51D-EF609D0C67B2}"
EndProject
Global
	GlobalSection(SolutionConfigurationPlatforms) = preSolution
		Debug|Any CPU = Debug|Any CPU
		Release|Any CPU = Release|Any CPU
	EndGlobalSection
	GlobalSection(ProjectConfigurationPlatforms) = postSolution
		{85747882-5B27-42D3-B03C-8178DBEA7790}.Debug|Any CPU.ActiveCfg = Debug|Any CPU
		{85747882-5B27-42D3-B03C-8178DBEA7790}.Debug|Any CPU.Build.0 = Debug|Any CPU
		{85747882-5B27-42D3-B03C-8178DBEA7790}.Release|Any CPU.ActiveCfg = Release|Any CPU
		{85747882-5B27-42D3-B03C-8178DBEA7790}.Release|Any CPU.Build.0 = Release|Any CPU
		{2CD49DF3-C85C-4EE7-ACC7-4322FD5F8EB8}.Debug|Any CPU.ActiveCfg = Debug|Any CPU
		{2CD49DF3-C85C-4EE7-ACC7-4322FD5F8EB8}.Debug|Any CPU.Build.0 = Debug|Any CPU
		{2CD49DF3-C85C-4EE7-ACC7-4322FD5F8EB8}.Release|Any CPU.ActiveCfg = Release|Any CPU
		{2CD49DF3-C85C-4EE7-ACC7-4322FD5F8EB8}.Release|Any CPU.Build.0 = Release|Any CPU
		{40B11F97-01B7-4A5D-B51D-EF609D0C67B2}.Debug|Any CPU.ActiveCfg = Debug|Any CPU
		{40B11F97-01B7-4A5D-B51D-EF609D0C67B2}.Debug|Any CPU.Build.0 = Debug|Any CPU
		{40B11F97-01B7-4A5D-B51D-EF609D0C67B2}.Release|Any CPU.ActiveCfg = Release|Any CPU
		{40B11F97-01B7-4A5D-B51D-EF609D0C67B2}.Release|Any CPU.Build.0 = Release|Any CPU
	EndGlobalSection
	GlobalSection(SolutionProperties) = preSolution
		HideSolutionNode = FALSE
	EndGlobalSection
	GlobalSection(ExtensibilityGlobals) = postSolution
		SolutionGuid = {EDC2B55C-AE28-4F03-B9C2-253BFBD8508E}
	EndGlobalSection
EndGlobal
